
Microsoft Visual Studio Solution File, Format Version 12.00
# Visual Studio Version 17
VisualStudioVersion = 17.5.33530.505
MinimumVisualStudioVersion = 10.0.40219.1
Project("{00D1A9C2-B5F0-4AF3-8072-F6C62B433612}") = "AdventureWorks", "AdventureWorks.sqlproj", "{38DF339E-DA8C-4AE8-8E20-6B32915D14C6}"
EndProject
Global
	GlobalSection(SolutionConfigurationPlatforms) = preSolution
		Debug|Any CPU = Debug|Any CPU
		Release|Any CPU = Release|Any CPU
	EndGlobalSection
	GlobalSection(ProjectConfigurationPlatforms) = postSolution
		{38DF339E-DA8C-4AE8-8E20-6B32915D14C6}.Debug|Any CPU.ActiveCfg = Debug|Any CPU
		{38DF339E-DA8C-4AE8-8E20-6B32915D14C6}.Debug|Any CPU.Build.0 = Debug|Any CPU
		{38DF339E-DA8C-4AE8-8E20-6B32915D14C6}.Debug|Any CPU.Deploy.0 = Debug|Any CPU
		{38DF339E-DA8C-4AE8-8E20-6B32915D14C6}.Release|Any CPU.ActiveCfg = Release|Any CPU
		{38DF339E-DA8C-4AE8-8E20-6B32915D14C6}.Release|Any CPU.Build.0 = Release|Any CPU
		{38DF339E-DA8C-4AE8-8E20-6B32915D14C6}.Release|Any CPU.Deploy.0 = Release|Any CPU
	EndGlobalSection
	GlobalSection(SolutionProperties) = preSolution
		HideSolutionNode = FALSE
	EndGlobalSection
	GlobalSection(ExtensibilityGlobals) = postSolution
		SolutionGuid = {17705362-5C19-4A79-B66F-437B84C2FF7F}
	EndGlobalSection
EndGlobal
